
Microsoft Visual Studio Solution File, Format Version 12.00
Project("{FAE04EC0-301F-11D3-BF4B-00C04F79EFBC}") = "ClusterMonitor", "ClusterMonitor\ClusterMonitor.csproj", "{ABA42087-46A6-4A10-9307-0FCD2A4265C9}"
EndProject
Project("{FAE04EC0-301F-11D3-BF4B-00C04F79EFBC}") = "Analazing", "Analazing\Analazing.csproj", "{958970A5-068B-4A36-A8FF-A173CFFA90D5}"
EndProject
Global
	GlobalSection(SolutionConfigurationPlatforms) = preSolution
		Debug|Any CPU = Debug|Any CPU
		Release|Any CPU = Release|Any CPU
	EndGlobalSection
	GlobalSection(ProjectConfigurationPlatforms) = postSolution
		{ABA42087-46A6-4A10-9307-0FCD2A4265C9}.Debug|Any CPU.ActiveCfg = Debug|Any CPU
		{ABA42087-46A6-4A10-9307-0FCD2A4265C9}.Debug|Any CPU.Build.0 = Debug|Any CPU
		{ABA42087-46A6-4A10-9307-0FCD2A4265C9}.Release|Any CPU.ActiveCfg = Release|Any CPU
		{ABA42087-46A6-4A10-9307-0FCD2A4265C9}.Release|Any CPU.Build.0 = Release|Any CPU
		{958970A5-068B-4A36-A8FF-A173CFFA90D5}.Debug|Any CPU.ActiveCfg = Debug|Any CPU
		{958970A5-068B-4A36-A8FF-A173CFFA90D5}.Debug|Any CPU.Build.0 = Debug|Any CPU
		{958970A5-068B-4A36-A8FF-A173CFFA90D5}.Release|Any CPU.ActiveCfg = Release|Any CPU
		{958970A5-068B-4A36-A8FF-A173CFFA90D5}.Release|Any CPU.Build.0 = Release|Any CPU
	EndGlobalSection
EndGlobal
